<?xml version="1.0" encoding="UTF-8" standalone="yes" ?>
<CodeBlocks_project_file>
	<FileVersion major="1" minor="6" />
	<Project>
		<Option title="control" />
		<Option pch_mode="2" />
		<Option compiler="gcc" />
		<Build>
			<Target title="Debug">
				<Option output="control" prefix_auto="1" extension_auto="1" />
				<Option working_dir="../athena_control.git" />
				<Option object_output="obj/Debug/" />
				<Option type="1" />
				<Option compiler="gcc" />
				<Compiler>
					<Add option="-O2" />
					<Add option="-std=c++11" />
					<Add directory="../../../../core/x86/Control/include" />
					<Add directory="../../../../core/x86/Control/include/common/eigen3" />
				</Compiler>
				<Linker>
					<Add option="-s" />
					<Add library="lcm" />
					<Add library="glog" />
					<Add library="pthread" />
					<Add library="glut" />
					<Add library="GLU" />
					<Add library="GL" />
					<Add library="/usr/local/lib/libcontroller.so" />
				</Linker>
				<ExtraCommands>
					<Add after="cp control ../launch" />
					<Mode after="always" />
				</ExtraCommands>
			</Target>
			<Target title="Release">
				<Option output="../../../Titan3/Control/control" prefix_auto="1" extension_auto="1" />
				<Option object_output="obj/Release/" />
				<Option type="1" />
				<Option compiler="arm-elf-gcc" />
				<Compiler>
					<Add option="-O2" />
					<Add option="-std=c++11" />
					<Add directory="../../../../core/x86/Control/include" />
					<Add directory="../../../../core/x86/Control/include/common/eigen3" />
					<Add directory="/usr/cross-compile-3rd/base/3rd_depend" />
					<Add directory="/usr/cross-compile-3rd/base/3rd_depend/lcm" />
					<Add directory="/usr/cross-compile-3rd/base/3rd_depend/boost" />
				</Compiler>
				<Linker>
					<Add option="-s" />
					<Add option="-Wl,-rpath=/usr/cross-compile-3rd/base/3rd_depend/lib" />
					<Add library="lcm" />
					<Add library="glog" />
					<Add library="pthread" />
					<Add library="glut" />
					<Add library="GLU" />
					<Add library="GL" />
					<Add library="/usr/local/lib/libcontroller.so" />
					<Add directory="/usr/cross-compile-3rd/base/3rd_depend/lib" />
				</Linker>
			</Target>
		</Build>
		<Compiler>
			<Add option="-Wall" />
		</Compiler>
		<Unit filename="apps/control.cpp" />
		<Unit filename="apps/control.h" />
		<Unit filename="apps/control_debug/control_debug.h" />
		<Unit filename="apps/control_view/control_view.cpp" />
		<Unit filename="apps/control_view/control_view.h" />
		<Unit filename="apps/main.cpp" />
		<Unit filename="apps/message_manger/lcm/lcm_message_manger.cpp" />
		<Unit filename="apps/message_manger/lcm/lcm_message_manger.h" />
		<Unit filename="apps/message_manger/lcm/msgs/nad_lcm/block_info.hpp" />
		<Unit filename="apps/message_manger/lcm/msgs/nad_lcm/block_of_route.hpp" />
		<Unit filename="apps/message_manger/lcm/msgs/nad_lcm/cmd_request.hpp" />
		<Unit filename="apps/message_manger/lcm/msgs/nad_lcm/cmd_respond.hpp" />
		<Unit filename="apps/message_manger/lcm/msgs/nad_lcm/co_rsu_name_respond.hpp" />
		<Unit filename="apps/message_manger/lcm/msgs/nad_lcm/cr_info_report.hpp" />
		<Unit filename="apps/message_manger/lcm/msgs/nad_lcm/cr_obu_login_respond.hpp" />
		<Unit filename="apps/message_manger/lcm/msgs/nad_lcm/cr_obu_logout_notify.hpp" />
		<Unit filename="apps/message_manger/lcm/msgs/nad_lcm/cr_route_respond.hpp" />
		<Unit filename="apps/message_manger/lcm/msgs/nad_lcm/cr_rsu_login_respond.hpp" />
		<Unit filename="apps/message_manger/lcm/msgs/nad_lcm/cr_rsu_logout_notify.hpp" />
		<Unit filename="apps/message_manger/lcm/msgs/nad_lcm/cr_set_ets_request.hpp" />
		<Unit filename="apps/message_manger/lcm/msgs/nad_lcm/cr_start_auto_respond.hpp" />
		<Unit filename="apps/message_manger/lcm/msgs/nad_lcm/crossing_of_route.hpp" />
		<Unit filename="apps/message_manger/lcm/msgs/nad_lcm/csu_task_func_request.hpp" />
		<Unit filename="apps/message_manger/lcm/msgs/nad_lcm/csu_task_func_respond.hpp" />
		<Unit filename="apps/message_manger/lcm/msgs/nad_lcm/cu_alarm_report.hpp" />
		<Unit filename="apps/message_manger/lcm/msgs/nad_lcm/cu_config_respond.hpp" />
		<Unit filename="apps/message_manger/lcm/msgs/nad_lcm/cu_exec_task_respond.hpp" />
		<Unit filename="apps/message_manger/lcm/msgs/nad_lcm/cu_info_report.hpp" />
		<Unit filename="apps/message_manger/lcm/msgs/nad_lcm/cu_log_report.hpp" />
		<Unit filename="apps/message_manger/lcm/msgs/nad_lcm/cu_oct_login_respond.hpp" />
		<Unit filename="apps/message_manger/lcm/msgs/nad_lcm/cu_set_ets_respond.hpp" />
		<Unit filename="apps/message_manger/lcm/msgs/nad_lcm/cu_stop_auto_notify.hpp" />
		<Unit filename="apps/message_manger/lcm/msgs/nad_lcm/dr_info_report.hpp" />
		<Unit filename="apps/message_manger/lcm/msgs/nad_lcm/er_ets_report.hpp" />
		<Unit filename="apps/message_manger/lcm/msgs/nad_lcm/key_point.hpp" />
		<Unit filename="apps/message_manger/lcm/msgs/nad_lcm/lane_of_route.hpp" />
		<Unit filename="apps/message_manger/lcm/msgs/nad_lcm/lane_point.hpp" />
		<Unit filename="apps/message_manger/lcm/msgs/nad_lcm/light_info.hpp" />
		<Unit filename="apps/message_manger/lcm/msgs/nad_lcm/light_of_route.hpp" />
		<Unit filename="apps/message_manger/lcm/msgs/nad_lcm/limspeed_info.hpp" />
		<Unit filename="apps/message_manger/lcm/msgs/nad_lcm/limspeed_of_route.hpp" />
		<Unit filename="apps/message_manger/lcm/msgs/nad_lcm/map_point.hpp" />
		<Unit filename="apps/message_manger/lcm/msgs/nad_lcm/mo_change_lane_request.hpp" />
		<Unit filename="apps/message_manger/lcm/msgs/nad_lcm/obstacle_info.hpp" />
		<Unit filename="apps/message_manger/lcm/msgs/nad_lcm/obu_change_lane_request.hpp" />
		<Unit filename="apps/message_manger/lcm/msgs/nad_lcm/obu_command.hpp" />
		<Unit filename="apps/message_manger/lcm/msgs/nad_lcm/obu_config.hpp" />
		<Unit filename="apps/message_manger/lcm/msgs/nad_lcm/obu_control_event.hpp" />
		<Unit filename="apps/message_manger/lcm/msgs/nad_lcm/obu_info.hpp" />
		<Unit filename="apps/message_manger/lcm/msgs/nad_lcm/oc_rsu_name_request.hpp" />
		<Unit filename="apps/message_manger/lcm/msgs/nad_lcm/om_change_lane_respond.hpp" />
		<Unit filename="apps/message_manger/lcm/msgs/nad_lcm/om_info_report.hpp" />
		<Unit filename="apps/message_manger/lcm/msgs/nad_lcm/or_change_lane_request.hpp" />
		<Unit filename="apps/message_manger/lcm/msgs/nad_lcm/or_event_notify.hpp" />
		<Unit filename="apps/message_manger/lcm/msgs/nad_lcm/or_info_report.hpp" />
		<Unit filename="apps/message_manger/lcm/msgs/nad_lcm/or_obu_login_request.hpp" />
		<Unit filename="apps/message_manger/lcm/msgs/nad_lcm/or_route_request.hpp" />
		<Unit filename="apps/message_manger/lcm/msgs/nad_lcm/or_start_auto_request.hpp" />
		<Unit filename="apps/message_manger/lcm/msgs/nad_lcm/or_stop_auto_notify.hpp" />
		<Unit filename="apps/message_manger/lcm/msgs/nad_lcm/ou_alarm_report.hpp" />
		<Unit filename="apps/message_manger/lcm/msgs/nad_lcm/ou_change_lane_notify.hpp" />
		<Unit filename="apps/message_manger/lcm/msgs/nad_lcm/ou_change_speed_notify.hpp" />
		<Unit filename="apps/message_manger/lcm/msgs/nad_lcm/ou_event_notify.hpp" />
		<Unit filename="apps/message_manger/lcm/msgs/nad_lcm/ou_info_report.hpp" />
		<Unit filename="apps/message_manger/lcm/msgs/nad_lcm/ou_log_report.hpp" />
		<Unit filename="apps/message_manger/lcm/msgs/nad_lcm/ou_route_respond.hpp" />
		<Unit filename="apps/message_manger/lcm/msgs/nad_lcm/ou_start_auto_respond.hpp" />
		<Unit filename="apps/message_manger/lcm/msgs/nad_lcm/ou_stop_auto_respond.hpp" />
		<Unit filename="apps/message_manger/lcm/msgs/nad_lcm/platoon_info.hpp" />
		<Unit filename="apps/message_manger/lcm/msgs/nad_lcm/rc_info_report.hpp" />
		<Unit filename="apps/message_manger/lcm/msgs/nad_lcm/rc_obu_login_request.hpp" />
		<Unit filename="apps/message_manger/lcm/msgs/nad_lcm/rc_obu_logout_notify.hpp" />
		<Unit filename="apps/message_manger/lcm/msgs/nad_lcm/rc_route_request.hpp" />
		<Unit filename="apps/message_manger/lcm/msgs/nad_lcm/rc_rsu_login_request.hpp" />
		<Unit filename="apps/message_manger/lcm/msgs/nad_lcm/rc_set_ets_respond.hpp" />
		<Unit filename="apps/message_manger/lcm/msgs/nad_lcm/rc_start_auto_request.hpp" />
		<Unit filename="apps/message_manger/lcm/msgs/nad_lcm/rc_stop_auto_notify.hpp" />
		<Unit filename="apps/message_manger/lcm/msgs/nad_lcm/re_ets_report.hpp" />
		<Unit filename="apps/message_manger/lcm/msgs/nad_lcm/ro_change_lane_notify.hpp" />
		<Unit filename="apps/message_manger/lcm/msgs/nad_lcm/ro_change_lane_respond.hpp" />
		<Unit filename="apps/message_manger/lcm/msgs/nad_lcm/ro_change_speed_notify.hpp" />
		<Unit filename="apps/message_manger/lcm/msgs/nad_lcm/ro_info_report.hpp" />
		<Unit filename="apps/message_manger/lcm/msgs/nad_lcm/ro_obu_login_respond.hpp" />
		<Unit filename="apps/message_manger/lcm/msgs/nad_lcm/ro_obu_logout_notify.hpp" />
		<Unit filename="apps/message_manger/lcm/msgs/nad_lcm/ro_route_respond.hpp" />
		<Unit filename="apps/message_manger/lcm/msgs/nad_lcm/ro_start_auto_respond.hpp" />
		<Unit filename="apps/message_manger/lcm/msgs/nad_lcm/ro_stop_auto_respond.hpp" />
		<Unit filename="apps/message_manger/lcm/msgs/nad_lcm/route_element.hpp" />
		<Unit filename="apps/message_manger/lcm/msgs/nad_lcm/route_planning.hpp" />
		<Unit filename="apps/message_manger/lcm/msgs/nad_lcm/rsd_sensor_info.hpp" />
		<Unit filename="apps/message_manger/lcm/msgs/nad_lcm/rsu_config.hpp" />
		<Unit filename="apps/message_manger/lcm/msgs/nad_lcm/rsu_info.hpp" />
		<Unit filename="apps/message_manger/lcm/msgs/nad_lcm/sensor_obstacle_report.hpp" />
		<Unit filename="apps/message_manger/lcm/msgs/nad_lcm/task_config.hpp" />
		<Unit filename="apps/message_manger/lcm/msgs/nad_lcm/uc_config_request.hpp" />
		<Unit filename="apps/message_manger/lcm/msgs/nad_lcm/uc_exec_task_request.hpp" />
		<Unit filename="apps/message_manger/lcm/msgs/nad_lcm/uc_oct_login_request.hpp" />
		<Unit filename="apps/message_manger/lcm/msgs/nad_lcm/uc_set_ets_request.hpp" />
		<Unit filename="apps/message_manger/lcm/msgs/nad_lcm/uo_route_request.hpp" />
		<Unit filename="apps/message_manger/lcm/msgs/nad_lcm/uo_start_auto_request.hpp" />
		<Unit filename="apps/message_manger/lcm/msgs/nad_lcm/uo_stop_auto_request.hpp" />
		<Unit filename="apps/message_manger/lcm/msgs/ne_msg/header_t.hpp" />
		<Unit filename="apps/message_manger/lcm/msgs/ne_msg/ne_lcm.hpp" />
		<Unit filename="apps/message_manger/lcm/msgs/ne_msg/ne_msg_base_t.hpp" />
		<Unit filename="apps/message_manger/lcm/msgs/ne_msg/ne_msg_t.hpp" />
		<Unit filename="apps/message_manger/lcm/msgs/obu_lcm/Attribute.hpp" />
		<Unit filename="apps/message_manger/lcm/msgs/obu_lcm/BoundingBox.hpp" />
		<Unit filename="apps/message_manger/lcm/msgs/obu_lcm/CAN_status.hpp" />
		<Unit filename="apps/message_manger/lcm/msgs/obu_lcm/CAN_value.hpp" />
		<Unit filename="apps/message_manger/lcm/msgs/obu_lcm/CompoundLanelet.hpp" />
		<Unit filename="apps/message_manger/lcm/msgs/obu_lcm/LLTree.hpp" />
		<Unit filename="apps/message_manger/lcm/msgs/obu_lcm/Lanelet.hpp" />
		<Unit filename="apps/message_manger/lcm/msgs/obu_lcm/LaneletBase.hpp" />
		<Unit filename="apps/message_manger/lcm/msgs/obu_lcm/LaneletFwd.hpp" />
		<Unit filename="apps/message_manger/lcm/msgs/obu_lcm/LaneletGraph.hpp" />
		<Unit filename="apps/message_manger/lcm/msgs/obu_lcm/LaneletMap.hpp" />
		<Unit filename="apps/message_manger/lcm/msgs/obu_lcm/LineStrip.hpp" />
		<Unit filename="apps/message_manger/lcm/msgs/obu_lcm/LocalGeographicCS.hpp" />
		<Unit filename="apps/message_manger/lcm/msgs/obu_lcm/RegulatoryElement.hpp" />
		<Unit filename="apps/message_manger/lcm/msgs/obu_lcm/accelerate_control_info.hpp" />
		<Unit filename="apps/message_manger/lcm/msgs/obu_lcm/accelerate_feedback_info.hpp" />
		<Unit filename="apps/message_manger/lcm/msgs/obu_lcm/back_coordinate_XYH.hpp" />
		<Unit filename="apps/message_manger/lcm/msgs/obu_lcm/bcm_control_cmd.hpp" />
		<Unit filename="apps/message_manger/lcm/msgs/obu_lcm/bcm_control_info.hpp" />
		<Unit filename="apps/message_manger/lcm/msgs/obu_lcm/block_info.hpp" />
		<Unit filename="apps/message_manger/lcm/msgs/obu_lcm/block_of_route.hpp" />
		<Unit filename="apps/message_manger/lcm/msgs/obu_lcm/brake_control_info.hpp" />
		<Unit filename="apps/message_manger/lcm/msgs/obu_lcm/brake_feedback_info.hpp" />
		<Unit filename="apps/message_manger/lcm/msgs/obu_lcm/cmd_request.hpp" />
		<Unit filename="apps/message_manger/lcm/msgs/obu_lcm/cmd_respond.hpp" />
		<Unit filename="apps/message_manger/lcm/msgs/obu_lcm/co_rsu_name_respond.hpp" />
		<Unit filename="apps/message_manger/lcm/msgs/obu_lcm/control_cmd.hpp" />
		<Unit filename="apps/message_manger/lcm/msgs/obu_lcm/control_info_report.hpp" />
		<Unit filename="apps/message_manger/lcm/msgs/obu_lcm/convert_coordinates.hpp" />
		<Unit filename="apps/message_manger/lcm/msgs/obu_lcm/cr_info_report.hpp" />
		<Unit filename="apps/message_manger/lcm/msgs/obu_lcm/cr_obu_login_respond.hpp" />
		<Unit filename="apps/message_manger/lcm/msgs/obu_lcm/cr_obu_logout_notify.hpp" />
		<Unit filename="apps/message_manger/lcm/msgs/obu_lcm/cr_route_respond.hpp" />
		<Unit filename="apps/message_manger/lcm/msgs/obu_lcm/cr_rsu_login_respond.hpp" />
		<Unit filename="apps/message_manger/lcm/msgs/obu_lcm/cr_rsu_logout_notify.hpp" />
		<Unit filename="apps/message_manger/lcm/msgs/obu_lcm/cr_set_ets_request.hpp" />
		<Unit filename="apps/message_manger/lcm/msgs/obu_lcm/cr_start_auto_respond.hpp" />
		<Unit filename="apps/message_manger/lcm/msgs/obu_lcm/crossing_of_route.hpp" />
		<Unit filename="apps/message_manger/lcm/msgs/obu_lcm/csu_task_func_request.hpp" />
		<Unit filename="apps/message_manger/lcm/msgs/obu_lcm/csu_task_func_respond.hpp" />
		<Unit filename="apps/message_manger/lcm/msgs/obu_lcm/cu_alarm_report.hpp" />
		<Unit filename="apps/message_manger/lcm/msgs/obu_lcm/cu_config_respond.hpp" />
		<Unit filename="apps/message_manger/lcm/msgs/obu_lcm/cu_exec_task_respond.hpp" />
		<Unit filename="apps/message_manger/lcm/msgs/obu_lcm/cu_info_report.hpp" />
		<Unit filename="apps/message_manger/lcm/msgs/obu_lcm/cu_log_report.hpp" />
		<Unit filename="apps/message_manger/lcm/msgs/obu_lcm/cu_oct_login_respond.hpp" />
		<Unit filename="apps/message_manger/lcm/msgs/obu_lcm/cu_set_ets_respond.hpp" />
		<Unit filename="apps/message_manger/lcm/msgs/obu_lcm/cu_stop_auto_notify.hpp" />
		<Unit filename="apps/message_manger/lcm/msgs/obu_lcm/dr_info_report.hpp" />
		<Unit filename="apps/message_manger/lcm/msgs/obu_lcm/emergency.hpp" />
		<Unit filename="apps/message_manger/lcm/msgs/obu_lcm/er_ets_report.hpp" />
		<Unit filename="apps/message_manger/lcm/msgs/obu_lcm/esr_data_list.hpp" />
		<Unit filename="apps/message_manger/lcm/msgs/obu_lcm/esr_data_t.hpp" />
		<Unit filename="apps/message_manger/lcm/msgs/obu_lcm/header_t.hpp" />
		<Unit filename="apps/message_manger/lcm/msgs/obu_lcm/ins_info.hpp" />
		<Unit filename="apps/message_manger/lcm/msgs/obu_lcm/key_point.hpp" />
		<Unit filename="apps/message_manger/lcm/msgs/obu_lcm/lane_of_route.hpp" />
		<Unit filename="apps/message_manger/lcm/msgs/obu_lcm/lane_point.hpp" />
		<Unit filename="apps/message_manger/lcm/msgs/obu_lcm/lanelet_point.hpp" />
		<Unit filename="apps/message_manger/lcm/msgs/obu_lcm/lateral_control_info.hpp" />
		<Unit filename="apps/message_manger/lcm/msgs/obu_lcm/lateral_control_vui_info.hpp" />
		<Unit filename="apps/message_manger/lcm/msgs/obu_lcm/light_info.hpp" />
		<Unit filename="apps/message_manger/lcm/msgs/obu_lcm/light_of_route.hpp" />
		<Unit filename="apps/message_manger/lcm/msgs/obu_lcm/limspeed_info.hpp" />
		<Unit filename="apps/message_manger/lcm/msgs/obu_lcm/limspeed_of_route.hpp" />
		<Unit filename="apps/message_manger/lcm/msgs/obu_lcm/llet_xml.hpp" />
		<Unit filename="apps/message_manger/lcm/msgs/obu_lcm/longitudinal_control_info.hpp" />
		<Unit filename="apps/message_manger/lcm/msgs/obu_lcm/map_line.hpp" />
		<Unit filename="apps/message_manger/lcm/msgs/obu_lcm/map_point.hpp" />
		<Unit filename="apps/message_manger/lcm/msgs/obu_lcm/map_points.hpp" />
		<Unit filename="apps/message_manger/lcm/msgs/obu_lcm/mercator.hpp" />
		<Unit filename="apps/message_manger/lcm/msgs/obu_lcm/mo_change_lane_request.hpp" />
		<Unit filename="apps/message_manger/lcm/msgs/obu_lcm/mt_bcm_control_cmd.hpp" />
		<Unit filename="apps/message_manger/lcm/msgs/obu_lcm/mt_info_report.hpp" />
		<Unit filename="apps/message_manger/lcm/msgs/obu_lcm/nav_points.hpp" />
		<Unit filename="apps/message_manger/lcm/msgs/obu_lcm/ne_lcm.hpp" />
		<Unit filename="apps/message_manger/lcm/msgs/obu_lcm/ne_msg_base_t.hpp" />
		<Unit filename="apps/message_manger/lcm/msgs/obu_lcm/ne_msg_t.hpp" />
		<Unit filename="apps/message_manger/lcm/msgs/obu_lcm/normalize_angle.hpp" />
		<Unit filename="apps/message_manger/lcm/msgs/obu_lcm/obstacle_info.hpp" />
		<Unit filename="apps/message_manger/lcm/msgs/obu_lcm/obstacle_list.hpp" />
		<Unit filename="apps/message_manger/lcm/msgs/obu_lcm/obstacle_t.hpp" />
		<Unit filename="apps/message_manger/lcm/msgs/obu_lcm/obu_change_lane_request.hpp" />
		<Unit filename="apps/message_manger/lcm/msgs/obu_lcm/obu_command.hpp" />
		<Unit filename="apps/message_manger/lcm/msgs/obu_lcm/obu_config.hpp" />
		<Unit filename="apps/message_manger/lcm/msgs/obu_lcm/obu_control_event.hpp" />
		<Unit filename="apps/message_manger/lcm/msgs/obu_lcm/obu_info.hpp" />
		<Unit filename="apps/message_manger/lcm/msgs/obu_lcm/obu_map_info.hpp" />
		<Unit filename="apps/message_manger/lcm/msgs/obu_lcm/oc_rsu_name_request.hpp" />
		<Unit filename="apps/message_manger/lcm/msgs/obu_lcm/om_change_lane_respond.hpp" />
		<Unit filename="apps/message_manger/lcm/msgs/obu_lcm/om_info_report.hpp" />
		<Unit filename="apps/message_manger/lcm/msgs/obu_lcm/or_change_lane_request.hpp" />
		<Unit filename="apps/message_manger/lcm/msgs/obu_lcm/or_event_notify.hpp" />
		<Unit filename="apps/message_manger/lcm/msgs/obu_lcm/or_info_report.hpp" />
		<Unit filename="apps/message_manger/lcm/msgs/obu_lcm/or_obu_login_request.hpp" />
		<Unit filename="apps/message_manger/lcm/msgs/obu_lcm/or_route_request.hpp" />
		<Unit filename="apps/message_manger/lcm/msgs/obu_lcm/or_start_auto_request.hpp" />
		<Unit filename="apps/message_manger/lcm/msgs/obu_lcm/or_stop_auto_notify.hpp" />
		<Unit filename="apps/message_manger/lcm/msgs/obu_lcm/ou_alarm_report.hpp" />
		<Unit filename="apps/message_manger/lcm/msgs/obu_lcm/ou_change_lane_notify.hpp" />
		<Unit filename="apps/message_manger/lcm/msgs/obu_lcm/ou_change_speed_notify.hpp" />
		<Unit filename="apps/message_manger/lcm/msgs/obu_lcm/ou_event_notify.hpp" />
		<Unit filename="apps/message_manger/lcm/msgs/obu_lcm/ou_info_report.hpp" />
		<Unit filename="apps/message_manger/lcm/msgs/obu_lcm/ou_log_report.hpp" />
		<Unit filename="apps/message_manger/lcm/msgs/obu_lcm/ou_route_respond.hpp" />
		<Unit filename="apps/message_manger/lcm/msgs/obu_lcm/ou_start_auto_respond.hpp" />
		<Unit filename="apps/message_manger/lcm/msgs/obu_lcm/ou_stop_auto_respond.hpp" />
		<Unit filename="apps/message_manger/lcm/msgs/obu_lcm/patch_grid.hpp" />
		<Unit filename="apps/message_manger/lcm/msgs/obu_lcm/patch_t.hpp" />
		<Unit filename="apps/message_manger/lcm/msgs/obu_lcm/point_t.hpp" />
		<Unit filename="apps/message_manger/lcm/msgs/obu_lcm/prettyprint.hpp" />
		<Unit filename="apps/message_manger/lcm/msgs/obu_lcm/pugiconfig.hpp" />
		<Unit filename="apps/message_manger/lcm/msgs/obu_lcm/pugixml.hpp" />
		<Unit filename="apps/message_manger/lcm/msgs/obu_lcm/rc_info_report.hpp" />
		<Unit filename="apps/message_manger/lcm/msgs/obu_lcm/rc_obu_login_request.hpp" />
		<Unit filename="apps/message_manger/lcm/msgs/obu_lcm/rc_obu_logout_notify.hpp" />
		<Unit filename="apps/message_manger/lcm/msgs/obu_lcm/rc_route_request.hpp" />
		<Unit filename="apps/message_manger/lcm/msgs/obu_lcm/rc_rsu_login_request.hpp" />
		<Unit filename="apps/message_manger/lcm/msgs/obu_lcm/rc_set_ets_respond.hpp" />
		<Unit filename="apps/message_manger/lcm/msgs/obu_lcm/rc_start_auto_request.hpp" />
		<Unit filename="apps/message_manger/lcm/msgs/obu_lcm/rc_stop_auto_notify.hpp" />
		<Unit filename="apps/message_manger/lcm/msgs/obu_lcm/re_ets_report.hpp" />
		<Unit filename="apps/message_manger/lcm/msgs/obu_lcm/rect_t.hpp" />
		<Unit filename="apps/message_manger/lcm/msgs/obu_lcm/ro_change_lane_notify.hpp" />
		<Unit filename="apps/message_manger/lcm/msgs/obu_lcm/ro_change_lane_respond.hpp" />
		<Unit filename="apps/message_manger/lcm/msgs/obu_lcm/ro_change_speed_notify.hpp" />
		<Unit filename="apps/message_manger/lcm/msgs/obu_lcm/ro_info_report.hpp" />
		<Unit filename="apps/message_manger/lcm/msgs/obu_lcm/ro_obu_login_respond.hpp" />
		<Unit filename="apps/message_manger/lcm/msgs/obu_lcm/ro_obu_logout_notify.hpp" />
		<Unit filename="apps/message_manger/lcm/msgs/obu_lcm/ro_route_respond.hpp" />
		<Unit filename="apps/message_manger/lcm/msgs/obu_lcm/ro_start_auto_respond.hpp" />
		<Unit filename="apps/message_manger/lcm/msgs/obu_lcm/ro_stop_auto_respond.hpp" />
		<Unit filename="apps/message_manger/lcm/msgs/obu_lcm/route_element.hpp" />
		<Unit filename="apps/message_manger/lcm/msgs/obu_lcm/route_planning.hpp" />
		<Unit filename="apps/message_manger/lcm/msgs/obu_lcm/rsd_sensor_info.hpp" />
		<Unit filename="apps/message_manger/lcm/msgs/obu_lcm/rsds_data_list.hpp" />
		<Unit filename="apps/message_manger/lcm/msgs/obu_lcm/rsds_data_t.hpp" />
		<Unit filename="apps/message_manger/lcm/msgs/obu_lcm/rsu_config.hpp" />
		<Unit filename="apps/message_manger/lcm/msgs/obu_lcm/rsu_info.hpp" />
		<Unit filename="apps/message_manger/lcm/msgs/obu_lcm/sensor_obstacle_report.hpp" />
		<Unit filename="apps/message_manger/lcm/msgs/obu_lcm/steering_control_info.hpp" />
		<Unit filename="apps/message_manger/lcm/msgs/obu_lcm/steering_feedback_info.hpp" />
		<Unit filename="apps/message_manger/lcm/msgs/obu_lcm/task_config.hpp" />
		<Unit filename="apps/message_manger/lcm/msgs/obu_lcm/tm_info_report.hpp" />
		<Unit filename="apps/message_manger/lcm/msgs/obu_lcm/uc_config_request.hpp" />
		<Unit filename="apps/message_manger/lcm/msgs/obu_lcm/uc_exec_task_request.hpp" />
		<Unit filename="apps/message_manger/lcm/msgs/obu_lcm/uc_oct_login_request.hpp" />
		<Unit filename="apps/message_manger/lcm/msgs/obu_lcm/uc_set_ets_request.hpp" />
		<Unit filename="apps/message_manger/lcm/msgs/obu_lcm/uo_route_request.hpp" />
		<Unit filename="apps/message_manger/lcm/msgs/obu_lcm/uo_start_auto_request.hpp" />
		<Unit filename="apps/message_manger/lcm/msgs/obu_lcm/uo_stop_auto_request.hpp" />
		<Unit filename="apps/message_manger/lcm/msgs/obu_lcm/vehicle_info.hpp" />
		<Unit filename="apps/message_manger/message_manger.h" />
		<Unit filename="apps/track_trajectory/track_trajectory.cpp" />
		<Unit filename="apps/track_trajectory/track_trajectory.h" />
		<Unit filename="common/Config.cpp" />
		<Unit filename="common/Config.h" />
		<Unit filename="common/Thread.cpp" />
		<Unit filename="common/Thread.h" />
		<Unit filename="common/bcm_control_cmd.h" />
		<Unit filename="common/chassis_detail.h" />
		<Unit filename="common/control_cmd.h" />
		<Unit filename="common/control_info_report.h" />
		<Unit filename="common/emergency.h" />
		<Unit filename="common/enum.h" />
		<Unit filename="common/get_time.cpp" />
		<Unit filename="common/get_time.h" />
		<Unit filename="common/local_timer.h" />
		<Unit filename="common/logging.cpp" />
		<Unit filename="common/logging.h" />
		<Unit filename="common/timer_app.h" />
		<Unit filename="control_logic/acc/TRUCK_J6P/truck_j6p_torque_speed_throttle_map.cpp" />
		<Unit filename="control_logic/acc/TRUCK_J6P/truck_j6p_torque_speed_throttle_map.h" />
		<Unit filename="control_logic/acc/cs55/cs55_torque_speed_throttle_map.cpp" />
		<Unit filename="control_logic/acc/cs55/cs55_torque_speed_throttle_map.h" />
		<Unit filename="control_logic/brake/TRUCK_J6P/truck_j6p_deceleration_brake_map.cpp" />
		<Unit filename="control_logic/brake/TRUCK_J6P/truck_j6p_deceleration_brake_map.h" />
		<Unit filename="control_logic/brake/cs55/cs55_deceleration_brake_map.cpp" />
		<Unit filename="control_logic/brake/cs55/cs55_deceleration_brake_map.h" />
		<Unit filename="control_logic/control_logic.cpp" />
		<Unit filename="control_logic/control_logic.h" />
		<Unit filename="control_logic/control_logic_config.h" />
		<Unit filename="control_logic/control_logic_debug_output.h" />
		<Unit filename="control_logic/gear/TRUCK_J6P/truck_j6p_gear_control.cpp" />
		<Unit filename="control_logic/gear/TRUCK_J6P/truck_j6p_gear_control.h" />
		<Unit filename="control_logic/gear/cs55/cs55_gear_control.cpp" />
		<Unit filename="control_logic/gear/cs55/cs55_gear_control.h" />
		<Unit filename="control_logic/gear/gear_control.h" />
		<Extensions>
			<code_completion />
			<envvars />
			<debugger />
			<lib_finder disable_auto="1" />
		</Extensions>
	</Project>
</CodeBlocks_project_file>
